
Microsoft Visual Studio Solution File, Format Version 12.00
# Visual Studio Version 16
VisualStudioVersion = 16.0.29306.81
MinimumVisualStudioVersion = 10.0.40219.1
Project("{FAE04EC0-301F-11D3-BF4B-00C04F79EFBC}") = "PSCourse1", "PSCourse1.csproj", "{AB676B35-7B36-4474-A3C6-1997E165C350}"
EndProject
Global
	GlobalSection(SolutionConfigurationPlatforms) = preSolution
		Debug|Any CPU = Debug|Any CPU
		Release|Any CPU = Release|Any CPU
	EndGlobalSection
	GlobalSection(ProjectConfigurationPlatforms) = postSolution
		{AB676B35-7B36-4474-A3C6-1997E165C350}.Debug|Any CPU.ActiveCfg = Debug|Any CPU
		{AB676B35-7B36-4474-A3C6-1997E165C350}.Debug|Any CPU.Build.0 = Debug|Any CPU
		{AB676B35-7B36-4474-A3C6-1997E165C350}.Release|Any CPU.ActiveCfg = Release|Any CPU
		{AB676B35-7B36-4474-A3C6-1997E165C350}.Release|Any CPU.Build.0 = Release|Any CPU
	EndGlobalSection
	GlobalSection(SolutionProperties) = preSolution
		HideSolutionNode = FALSE
	EndGlobalSection
	GlobalSection(ExtensibilityGlobals) = postSolution
		SolutionGuid = {A8504BD0-3E4E-4DF8-A75C-34DAEEE61807}
	EndGlobalSection
EndGlobal
