
Microsoft Visual Studio Solution File, Format Version 12.00
# Visual Studio 15
VisualStudioVersion = 15.0.26430.16
MinimumVisualStudioVersion = 10.0.40219.1
Project("{FAE04EC0-301F-11D3-BF4B-00C04F79EFBC}") = "ContosoUniversityTutorial", "ContosoUniversityTutorial\ContosoUniversityTutorial.csproj", "{01BD0588-E39C-4CE2-A433-EABE6C4ADEAF}"
EndProject
Project("{FAE04EC0-301F-11D3-BF4B-00C04F79EFBC}") = "ContosoUniversityTutorial.Tests", "ContosoUniversityTutorial.Tests\ContosoUniversityTutorial.Tests.csproj", "{8D9E42D7-D248-4FBF-B021-075A1F7E0755}"
EndProject
Global
	GlobalSection(SolutionConfigurationPlatforms) = preSolution
		Debug|Any CPU = Debug|Any CPU
		Release|Any CPU = Release|Any CPU
	EndGlobalSection
	GlobalSection(ProjectConfigurationPlatforms) = postSolution
		{01BD0588-E39C-4CE2-A433-EABE6C4ADEAF}.Debug|Any CPU.ActiveCfg = Debug|Any CPU
		{01BD0588-E39C-4CE2-A433-EABE6C4ADEAF}.Debug|Any CPU.Build.0 = Debug|Any CPU
		{01BD0588-E39C-4CE2-A433-EABE6C4ADEAF}.Release|Any CPU.ActiveCfg = Release|Any CPU
		{01BD0588-E39C-4CE2-A433-EABE6C4ADEAF}.Release|Any CPU.Build.0 = Release|Any CPU
		{8D9E42D7-D248-4FBF-B021-075A1F7E0755}.Debug|Any CPU.ActiveCfg = Debug|Any CPU
		{8D9E42D7-D248-4FBF-B021-075A1F7E0755}.Debug|Any CPU.Build.0 = Debug|Any CPU
		{8D9E42D7-D248-4FBF-B021-075A1F7E0755}.Release|Any CPU.ActiveCfg = Release|Any CPU
		{8D9E42D7-D248-4FBF-B021-075A1F7E0755}.Release|Any CPU.Build.0 = Release|Any CPU
	EndGlobalSection
	GlobalSection(SolutionProperties) = preSolution
		HideSolutionNode = FALSE
	EndGlobalSection
EndGlobal
